// !$*UTF8*$!
{
	archiveVersion = 1;
	classes = {
	};
	objectVersion = 46;
	objects = {

/* Begin PBXBuildFile section */
		1A389C271F283D1500875A80 /* AppDelegate.swift in Sources */ = {isa = PBXBuildFile; fileRef = 1A389C261F283D1500875A80 /* AppDelegate.swift */; };
		1A389C291F283D1500875A80 /* ViewController.swift in Sources */ = {isa = PBXBuildFile; fileRef = 1A389C281F283D1500875A80 /* ViewController.swift */; };
		1A389C2C1F283D1500875A80 /* Main.storyboard in Resources */ = {isa = PBXBuildFile; fileRef = 1A389C2A1F283D1500875A80 /* Main.storyboard */; };
		1A389C2E1F283D1500875A80 /* Assets.xcassets in Resources */ = {isa = PBXBuildFile; fileRef = 1A389C2D1F283D1500875A80 /* Assets.xcassets */; };
		1A389C311F283D1500875A80 /* LaunchScreen.storyboard in Resources */ = {isa = PBXBuildFile; fileRef = 1A389C2F1F283D1500875A80 /* LaunchScreen.storyboard */; };
		1A389C3C1F283D1600875A80 /* HanziVoiceTests.swift in Sources */ = {isa = PBXBuildFile; fileRef = 1A389C3B1F283D1600875A80 /* HanziVoiceTests.swift */; };
		1A389C471F283D1600875A80 /* HanziVoiceUITests.swift in Sources */ = {isa = PBXBuildFile; fileRef = 1A389C461F283D1600875A80 /* HanziVoiceUITests.swift */; };
		1A4F2AB11F9B8C5B00697B97 /* MCPSearchOptionsTableViewController.swift in Sources */ = {isa = PBXBuildFile; fileRef = 1A4F2AB01F9B8C5B00697B97 /* MCPSearchOptionsTableViewController.swift */; };
		1A4F2AB31F9B9DAA00697B97 /* MCPSearchOptions.swift in Sources */ = {isa = PBXBuildFile; fileRef = 1A4F2AB21F9B9DAA00697B97 /* MCPSearchOptions.swift */; };
		1A4F2AB71F9C582A00697B97 /* todo.swift in Sources */ = {isa = PBXBuildFile; fileRef = 1A4F2AB61F9C582A00697B97 /* todo.swift */; };
		1A4F2ABA1F9C5C8500697B97 /* OrthographyUnicode.swift in Sources */ = {isa = PBXBuildFile; fileRef = 1A4F2AB91F9C5C8500697B97 /* OrthographyUnicode.swift */; };
		1A4F2ABC1F9C5CD700697B97 /* OrthographyMiddleChinese.swift in Sources */ = {isa = PBXBuildFile; fileRef = 1A4F2ABB1F9C5CD700697B97 /* OrthographyMiddleChinese.swift */; };
		1A4F2ABE1F9C5D0800697B97 /* OrthographyMandrin.swift in Sources */ = {isa = PBXBuildFile; fileRef = 1A4F2ABD1F9C5D0800697B97 /* OrthographyMandrin.swift */; };
		1A4F2AC01F9C5D4200697B97 /* OrthographyJapanese.swift in Sources */ = {isa = PBXBuildFile; fileRef = 1A4F2ABF1F9C5D4200697B97 /* OrthographyJapanese.swift */; };
		1A4F2AC21F9C5D8700697B97 /* OrthographyKorean.swift in Sources */ = {isa = PBXBuildFile; fileRef = 1A4F2AC11F9C5D8700697B97 /* OrthographyKorean.swift */; };
		1A5425071FA84B8E0013C0D5 /* MCPDictItemColumn.swift in Sources */ = {isa = PBXBuildFile; fileRef = 1A5425061FA84B8E0013C0D5 /* MCPDictItemColumn.swift */; };
		1A5425091FA8D30C0013C0D5 /* OrthographyCantonese.swift in Sources */ = {isa = PBXBuildFile; fileRef = 1A5425081FA8D30C0013C0D5 /* OrthographyCantonese.swift */; };
		1A777C691FAA1234000CBEDE /* OrthographyVietnamese.swift in Sources */ = {isa = PBXBuildFile; fileRef = 1A777C681FAA1234000CBEDE /* OrthographyVietnamese.swift */; };
		1A7B5BA71F2C815600E5098E /* libsqlite3.0.tbd in Frameworks */ = {isa = PBXBuildFile; fileRef = 1A7B5BA61F2C815600E5098E /* libsqlite3.0.tbd */; };
		1A7B5BA91F2C816B00E5098E /* mcpdict.db in Resources */ = {isa = PBXBuildFile; fileRef = 1A7B5BA81F2C816B00E5098E /* mcpdict.db */; };
		1A7B5BAB1F2C817C00E5098E /* DBReader.swift in Sources */ = {isa = PBXBuildFile; fileRef = 1A7B5BAA1F2C817C00E5098E /* DBReader.swift */; };
		1A9060AF1F2DB9910056A825 /* MCPCharTableViewCell.swift in Sources */ = {isa = PBXBuildFile; fileRef = 1A9060AE1F2DB9910056A825 /* MCPCharTableViewCell.swift */; };
		1A9060B31F2DC8130056A825 /* MCPVoiceView.swift in Sources */ = {isa = PBXBuildFile; fileRef = 1A9060B21F2DC8130056A825 /* MCPVoiceView.swift */; };
		1A9060B51F2DE7B30056A825 /* Orthography.swift in Sources */ = {isa = PBXBuildFile; fileRef = 1A9060B41F2DE7B30056A825 /* Orthography.swift */; };
		1A9060C01F2DEADB0056A825 /* orthography_ct_finals.tsv in Resources */ = {isa = PBXBuildFile; fileRef = 1A9060B61F2DEADB0056A825 /* orthography_ct_finals.tsv */; };
		1A9060C11F2DEADB0056A825 /* orthography_ct_initials.tsv in Resources */ = {isa = PBXBuildFile; fileRef = 1A9060B71F2DEADB0056A825 /* orthography_ct_initials.tsv */; };
		1A9060C21F2DEADB0056A825 /* orthography_hz_variants.txt in Resources */ = {isa = PBXBuildFile; fileRef = 1A9060B81F2DEADB0056A825 /* orthography_hz_variants.txt */; };
		1A9060C31F2DEADB0056A825 /* orthography_jp.tsv in Resources */ = {isa = PBXBuildFile; fileRef = 1A9060B91F2DEADB0056A825 /* orthography_jp.tsv */; };
		1A9060C41F2DEADB0056A825 /* orthography_mc_bieng_sjyix.tsv in Resources */ = {isa = PBXBuildFile; fileRef = 1A9060BA1F2DEADB0056A825 /* orthography_mc_bieng_sjyix.tsv */; };
		1A9060C51F2DEADB0056A825 /* orthography_mc_finals.tsv in Resources */ = {isa = PBXBuildFile; fileRef = 1A9060BB1F2DEADB0056A825 /* orthography_mc_finals.tsv */; };
		1A9060C61F2DEADB0056A825 /* orthography_mc_initials.tsv in Resources */ = {isa = PBXBuildFile; fileRef = 1A9060BC1F2DEADB0056A825 /* orthography_mc_initials.tsv */; };
		1A9060C71F2DEADB0056A825 /* orthography_pu_bopomofo.tsv in Resources */ = {isa = PBXBuildFile; fileRef = 1A9060BD1F2DEADB0056A825 /* orthography_pu_bopomofo.tsv */; };
		1A9060C81F2DEADB0056A825 /* orthography_pu_pinyin.tsv in Resources */ = {isa = PBXBuildFile; fileRef = 1A9060BE1F2DEADB0056A825 /* orthography_pu_pinyin.tsv */; };
		1A9060C91F2DEADB0056A825 /* orthography_vn.tsv in Resources */ = {isa = PBXBuildFile; fileRef = 1A9060BF1F2DEADB0056A825 /* orthography_vn.tsv */; };
		1A9060CC1F2DFA140056A825 /* Swift+Utils.swift in Sources */ = {isa = PBXBuildFile; fileRef = 1A9060CB1F2DFA140056A825 /* Swift+Utils.swift */; };
		1AAAD9AA1FA8E9A200670B2E /* OrthographyWu.swift in Sources */ = {isa = PBXBuildFile; fileRef = 1AAAD9A91FA8E9A200670B2E /* OrthographyWu.swift */; };
		1AAAD9AC1FA8EBF300670B2E /* OrthographyMin.swift in Sources */ = {isa = PBXBuildFile; fileRef = 1AAAD9AB1FA8EBF300670B2E /* OrthographyMin.swift */; };
		3A875BB19C4F7C1A82F74DB1 /* Pods_HanziVoiceTests.framework in Frameworks */ = {isa = PBXBuildFile; fileRef = 2284B0C92198D4C0F6CC96C0 /* Pods_HanziVoiceTests.framework */; };
		ADAA7AA17F17B81DC1D80F8C /* Pods_HanziVoiceUITests.framework in Frameworks */ = {isa = PBXBuildFile; fileRef = 2090F349FBAE346DAAF32277 /* Pods_HanziVoiceUITests.framework */; };
		F9E2E0AF7D5CC0F14E6AB991 /* Pods_HanziVoice.framework in Frameworks */ = {isa = PBXBuildFile; fileRef = 8ECE1CBF688772E909FC63E9 /* Pods_HanziVoice.framework */; };
/* End PBXBuildFile section */

/* Begin PBXContainerItemProxy section */
		1A389C381F283D1600875A80 /* PBXContainerItemProxy */ = {
			isa = PBXContainerItemProxy;
			containerPortal = 1A389C1B1F283D1500875A80 /* Project object */;
			proxyType = 1;
			remoteGlobalIDString = 1A389C221F283D1500875A80;
			remoteInfo = HanziVoice;
		};
		1A389C431F283D1600875A80 /* PBXContainerItemProxy */ = {
			isa = PBXContainerItemProxy;
			containerPortal = 1A389C1B1F283D1500875A80 /* Project object */;
			proxyType = 1;
			remoteGlobalIDString = 1A389C221F283D1500875A80;
			remoteInfo = HanziVoice;
		};
/* End PBXContainerItemProxy section */

/* Begin PBXFileReference section */
		04C3D295C07A17851AD00D07 /* Pods-HanziVoiceUITests.debug.xcconfig */ = {isa = PBXFileReference; includeInIndex = 1; lastKnownFileType = text.xcconfig; name = "Pods-HanziVoiceUITests.debug.xcconfig"; path = "Pods/Target Support Files/Pods-HanziVoiceUITests/Pods-HanziVoiceUITests.debug.xcconfig"; sourceTree = "<group>"; };
		1A389C231F283D1500875A80 /* HanziVoice.app */ = {isa = PBXFileReference; explicitFileType = wrapper.application; includeInIndex = 0; path = HanziVoice.app; sourceTree = BUILT_PRODUCTS_DIR; };
		1A389C261F283D1500875A80 /* AppDelegate.swift */ = {isa = PBXFileReference; lastKnownFileType = sourcecode.swift; path = AppDelegate.swift; sourceTree = "<group>"; };
		1A389C281F283D1500875A80 /* ViewController.swift */ = {isa = PBXFileReference; lastKnownFileType = sourcecode.swift; path = ViewController.swift; sourceTree = "<group>"; };
		1A389C2B1F283D1500875A80 /* Base */ = {isa = PBXFileReference; lastKnownFileType = file.storyboard; name = Base; path = Base.lproj/Main.storyboard; sourceTree = "<group>"; };
		1A389C2D1F283D1500875A80 /* Assets.xcassets */ = {isa = PBXFileReference; lastKnownFileType = folder.assetcatalog; path = Assets.xcassets; sourceTree = "<group>"; };
		1A389C301F283D1500875A80 /* Base */ = {isa = PBXFileReference; lastKnownFileType = file.storyboard; name = Base; path = Base.lproj/LaunchScreen.storyboard; sourceTree = "<group>"; };
		1A389C321F283D1500875A80 /* Info.plist */ = {isa = PBXFileReference; lastKnownFileType = text.plist.xml; path = Info.plist; sourceTree = "<group>"; };
		1A389C371F283D1500875A80 /* HanziVoiceTests.xctest */ = {isa = PBXFileReference; explicitFileType = wrapper.cfbundle; includeInIndex = 0; path = HanziVoiceTests.xctest; sourceTree = BUILT_PRODUCTS_DIR; };
		1A389C3B1F283D1600875A80 /* HanziVoiceTests.swift */ = {isa = PBXFileReference; lastKnownFileType = sourcecode.swift; path = HanziVoiceTests.swift; sourceTree = "<group>"; };
		1A389C3D1F283D1600875A80 /* Info.plist */ = {isa = PBXFileReference; lastKnownFileType = text.plist.xml; path = Info.plist; sourceTree = "<group>"; };
		1A389C421F283D1600875A80 /* HanziVoiceUITests.xctest */ = {isa = PBXFileReference; explicitFileType = wrapper.cfbundle; includeInIndex = 0; path = HanziVoiceUITests.xctest; sourceTree = BUILT_PRODUCTS_DIR; };
		1A389C461F283D1600875A80 /* HanziVoiceUITests.swift */ = {isa = PBXFileReference; lastKnownFileType = sourcecode.swift; path = HanziVoiceUITests.swift; sourceTree = "<group>"; };
		1A389C481F283D1600875A80 /* Info.plist */ = {isa = PBXFileReference; lastKnownFileType = text.plist.xml; path = Info.plist; sourceTree = "<group>"; };
		1A4F2AB01F9B8C5B00697B97 /* MCPSearchOptionsTableViewController.swift */ = {isa = PBXFileReference; fileEncoding = 4; lastKnownFileType = sourcecode.swift; path = MCPSearchOptionsTableViewController.swift; sourceTree = "<group>"; };
		1A4F2AB21F9B9DAA00697B97 /* MCPSearchOptions.swift */ = {isa = PBXFileReference; fileEncoding = 4; lastKnownFileType = sourcecode.swift; name = MCPSearchOptions.swift; path = ../MCPSearchOptions.swift; sourceTree = "<group>"; };
		1A4F2AB61F9C582A00697B97 /* todo.swift */ = {isa = PBXFileReference; fileEncoding = 4; lastKnownFileType = sourcecode.swift; path = todo.swift; sourceTree = "<group>"; };
		1A4F2AB91F9C5C8500697B97 /* OrthographyUnicode.swift */ = {isa = PBXFileReference; fileEncoding = 4; lastKnownFileType = sourcecode.swift; lineEnding = 0; path = OrthographyUnicode.swift; sourceTree = "<group>"; xcLanguageSpecificationIdentifier = xcode.lang.swift; };
		1A4F2ABB1F9C5CD700697B97 /* OrthographyMiddleChinese.swift */ = {isa = PBXFileReference; fileEncoding = 4; lastKnownFileType = sourcecode.swift; lineEnding = 0; path = OrthographyMiddleChinese.swift; sourceTree = "<group>"; xcLanguageSpecificationIdentifier = xcode.lang.swift; };
		1A4F2ABD1F9C5D0800697B97 /* OrthographyMandrin.swift */ = {isa = PBXFileReference; fileEncoding = 4; lastKnownFileType = sourcecode.swift; lineEnding = 0; path = OrthographyMandrin.swift; sourceTree = "<group>"; xcLanguageSpecificationIdentifier = xcode.lang.swift; };
		1A4F2ABF1F9C5D4200697B97 /* OrthographyJapanese.swift */ = {isa = PBXFileReference; fileEncoding = 4; lastKnownFileType = sourcecode.swift; lineEnding = 0; path = OrthographyJapanese.swift; sourceTree = "<group>"; xcLanguageSpecificationIdentifier = xcode.lang.swift; };
		1A4F2AC11F9C5D8700697B97 /* OrthographyKorean.swift */ = {isa = PBXFileReference; fileEncoding = 4; lastKnownFileType = sourcecode.swift; lineEnding = 0; path = OrthographyKorean.swift; sourceTree = "<group>"; xcLanguageSpecificationIdentifier = xcode.lang.swift; };
		1A5425061FA84B8E0013C0D5 /* MCPDictItemColumn.swift */ = {isa = PBXFileReference; fileEncoding = 4; lastKnownFileType = sourcecode.swift; path = MCPDictItemColumn.swift; sourceTree = "<group>"; };
		1A5425081FA8D30C0013C0D5 /* OrthographyCantonese.swift */ = {isa = PBXFileReference; fileEncoding = 4; lastKnownFileType = sourcecode.swift; path = OrthographyCantonese.swift; sourceTree = "<group>"; };
		1A777C681FAA1234000CBEDE /* OrthographyVietnamese.swift */ = {isa = PBXFileReference; fileEncoding = 4; lastKnownFileType = sourcecode.swift; path = OrthographyVietnamese.swift; sourceTree = "<group>"; };
		1A7B5BA61F2C815600E5098E /* libsqlite3.0.tbd */ = {isa = PBXFileReference; lastKnownFileType = "sourcecode.text-based-dylib-definition"; name = libsqlite3.0.tbd; path = usr/lib/libsqlite3.0.tbd; sourceTree = SDKROOT; };
		1A7B5BA81F2C816B00E5098E /* mcpdict.db */ = {isa = PBXFileReference; lastKnownFileType = file; name = mcpdict.db; path = HanziVoice/mcpdict.db; sourceTree = SOURCE_ROOT; };
		1A7B5BAA1F2C817C00E5098E /* DBReader.swift */ = {isa = PBXFileReference; fileEncoding = 4; lastKnownFileType = sourcecode.swift; path = DBReader.swift; sourceTree = "<group>"; };
		1A7B5BAC1F2C825400E5098E /* bridging-header.h */ = {isa = PBXFileReference; lastKnownFileType = sourcecode.c.h; path = "bridging-header.h"; sourceTree = "<group>"; };
		1A9060AE1F2DB9910056A825 /* MCPCharTableViewCell.swift */ = {isa = PBXFileReference; fileEncoding = 4; lastKnownFileType = sourcecode.swift; path = MCPCharTableViewCell.swift; sourceTree = "<group>"; };
		1A9060B21F2DC8130056A825 /* MCPVoiceView.swift */ = {isa = PBXFileReference; fileEncoding = 4; lastKnownFileType = sourcecode.swift; name = MCPVoiceView.swift; path = ../MCPVoiceView.swift; sourceTree = "<group>"; };
		1A9060B41F2DE7B30056A825 /* Orthography.swift */ = {isa = PBXFileReference; fileEncoding = 4; lastKnownFileType = sourcecode.swift; path = Orthography.swift; sourceTree = "<group>"; };
		1A9060B61F2DEADB0056A825 /* orthography_ct_finals.tsv */ = {isa = PBXFileReference; fileEncoding = 4; lastKnownFileType = text; path = orthography_ct_finals.tsv; sourceTree = "<group>"; };
		1A9060B71F2DEADB0056A825 /* orthography_ct_initials.tsv */ = {isa = PBXFileReference; fileEncoding = 4; lastKnownFileType = text; path = orthography_ct_initials.tsv; sourceTree = "<group>"; };
		1A9060B81F2DEADB0056A825 /* orthography_hz_variants.txt */ = {isa = PBXFileReference; fileEncoding = 4; lastKnownFileType = text; path = orthography_hz_variants.txt; sourceTree = "<group>"; };
		1A9060B91F2DEADB0056A825 /* orthography_jp.tsv */ = {isa = PBXFileReference; fileEncoding = 4; lastKnownFileType = text; path = orthography_jp.tsv; sourceTree = "<group>"; };
		1A9060BA1F2DEADB0056A825 /* orthography_mc_bieng_sjyix.tsv */ = {isa = PBXFileReference; fileEncoding = 4; lastKnownFileType = text; path = orthography_mc_bieng_sjyix.tsv; sourceTree = "<group>"; };
		1A9060BB1F2DEADB0056A825 /* orthography_mc_finals.tsv */ = {isa = PBXFileReference; fileEncoding = 4; lastKnownFileType = text; path = orthography_mc_finals.tsv; sourceTree = "<group>"; };
		1A9060BC1F2DEADB0056A825 /* orthography_mc_initials.tsv */ = {isa = PBXFileReference; fileEncoding = 4; lastKnownFileType = text; path = orthography_mc_initials.tsv; sourceTree = "<group>"; };
		1A9060BD1F2DEADB0056A825 /* orthography_pu_bopomofo.tsv */ = {isa = PBXFileReference; fileEncoding = 4; lastKnownFileType = text; path = orthography_pu_bopomofo.tsv; sourceTree = "<group>"; };
		1A9060BE1F2DEADB0056A825 /* orthography_pu_pinyin.tsv */ = {isa = PBXFileReference; fileEncoding = 4; lastKnownFileType = text; path = orthography_pu_pinyin.tsv; sourceTree = "<group>"; };
		1A9060BF1F2DEADB0056A825 /* orthography_vn.tsv */ = {isa = PBXFileReference; fileEncoding = 4; lastKnownFileType = text; path = orthography_vn.tsv; sourceTree = "<group>"; };
		1A9060CB1F2DFA140056A825 /* Swift+Utils.swift */ = {isa = PBXFileReference; fileEncoding = 4; lastKnownFileType = sourcecode.swift; path = "Swift+Utils.swift"; sourceTree = "<group>"; };
		1AAAD9A91FA8E9A200670B2E /* OrthographyWu.swift */ = {isa = PBXFileReference; fileEncoding = 4; lastKnownFileType = sourcecode.swift; path = OrthographyWu.swift; sourceTree = "<group>"; };
		1AAAD9AB1FA8EBF300670B2E /* OrthographyMin.swift */ = {isa = PBXFileReference; fileEncoding = 4; lastKnownFileType = sourcecode.swift; path = OrthographyMin.swift; sourceTree = "<group>"; };
		2090F349FBAE346DAAF32277 /* Pods_HanziVoiceUITests.framework */ = {isa = PBXFileReference; explicitFileType = wrapper.framework; includeInIndex = 0; path = Pods_HanziVoiceUITests.framework; sourceTree = BUILT_PRODUCTS_DIR; };
		2284B0C92198D4C0F6CC96C0 /* Pods_HanziVoiceTests.framework */ = {isa = PBXFileReference; explicitFileType = wrapper.framework; includeInIndex = 0; path = Pods_HanziVoiceTests.framework; sourceTree = BUILT_PRODUCTS_DIR; };
		8014460AAD415B3A60726D14 /* Pods-HanziVoiceTests.release.xcconfig */ = {isa = PBXFileReference; includeInIndex = 1; lastKnownFileType = text.xcconfig; name = "Pods-HanziVoiceTests.release.xcconfig"; path = "Pods/Target Support Files/Pods-HanziVoiceTests/Pods-HanziVoiceTests.release.xcconfig"; sourceTree = "<group>"; };
		8ECE1CBF688772E909FC63E9 /* Pods_HanziVoice.framework */ = {isa = PBXFileReference; explicitFileType = wrapper.framework; includeInIndex = 0; path = Pods_HanziVoice.framework; sourceTree = BUILT_PRODUCTS_DIR; };
		9315A83F976811356578C6E6 /* Pods-HanziVoice.release.xcconfig */ = {isa = PBXFileReference; includeInIndex = 1; lastKnownFileType = text.xcconfig; name = "Pods-HanziVoice.release.xcconfig"; path = "Pods/Target Support Files/Pods-HanziVoice/Pods-HanziVoice.release.xcconfig"; sourceTree = "<group>"; };
		B59F5059DF57C7DFAD795097 /* Pods-HanziVoiceTests.debug.xcconfig */ = {isa = PBXFileReference; includeInIndex = 1; lastKnownFileType = text.xcconfig; name = "Pods-HanziVoiceTests.debug.xcconfig"; path = "Pods/Target Support Files/Pods-HanziVoiceTests/Pods-HanziVoiceTests.debug.xcconfig"; sourceTree = "<group>"; };
		E9AAEC7028B350968B004D72 /* Pods-HanziVoice.debug.xcconfig */ = {isa = PBXFileReference; includeInIndex = 1; lastKnownFileType = text.xcconfig; name = "Pods-HanziVoice.debug.xcconfig"; path = "Pods/Target Support Files/Pods-HanziVoice/Pods-HanziVoice.debug.xcconfig"; sourceTree = "<group>"; };
		FA6508DAB5FA17B9A63313F8 /* Pods-HanziVoiceUITests.release.xcconfig */ = {isa = PBXFileReference; includeInIndex = 1; lastKnownFileType = text.xcconfig; name = "Pods-HanziVoiceUITests.release.xcconfig"; path = "Pods/Target Support Files/Pods-HanziVoiceUITests/Pods-HanziVoiceUITests.release.xcconfig"; sourceTree = "<group>"; };
/* End PBXFileReference section */

/* Begin PBXFrameworksBuildPhase section */
		1A389C201F283D1500875A80 /* Frameworks */ = {
			isa = PBXFrameworksBuildPhase;
			buildActionMask = 2147483647;
			files = (
				1A7B5BA71F2C815600E5098E /* libsqlite3.0.tbd in Frameworks */,
				F9E2E0AF7D5CC0F14E6AB991 /* Pods_HanziVoice.framework in Frameworks */,
			);
			runOnlyForDeploymentPostprocessing = 0;
		};
		1A389C341F283D1500875A80 /* Frameworks */ = {
			isa = PBXFrameworksBuildPhase;
			buildActionMask = 2147483647;
			files = (
				3A875BB19C4F7C1A82F74DB1 /* Pods_HanziVoiceTests.framework in Frameworks */,
			);
			runOnlyForDeploymentPostprocessing = 0;
		};
		1A389C3F1F283D1600875A80 /* Frameworks */ = {
			isa = PBXFrameworksBuildPhase;
			buildActionMask = 2147483647;
			files = (
				ADAA7AA17F17B81DC1D80F8C /* Pods_HanziVoiceUITests.framework in Frameworks */,
			);
			runOnlyForDeploymentPostprocessing = 0;
		};
/* End PBXFrameworksBuildPhase section */

/* Begin PBXGroup section */
		1A389C1A1F283D1500875A80 = {
			isa = PBXGroup;
			children = (
				1A389C251F283D1500875A80 /* HanziVoice */,
				1A389C3A1F283D1600875A80 /* HanziVoiceTests */,
				1A389C451F283D1600875A80 /* HanziVoiceUITests */,
				1A389C241F283D1500875A80 /* Products */,
				1A7B5BA51F2C815500E5098E /* Frameworks */,
				A1DE7661B2B341B8F527AEE6 /* Pods */,
			);
			sourceTree = "<group>";
		};
		1A389C241F283D1500875A80 /* Products */ = {
			isa = PBXGroup;
			children = (
				1A389C231F283D1500875A80 /* HanziVoice.app */,
				1A389C371F283D1500875A80 /* HanziVoiceTests.xctest */,
				1A389C421F283D1600875A80 /* HanziVoiceUITests.xctest */,
			);
			name = Products;
			sourceTree = "<group>";
		};
		1A389C251F283D1500875A80 /* HanziVoice */ = {
			isa = PBXGroup;
			children = (
				1A4F2AB81F9C5C5B00697B97 /* Orthography */,
				1A4F2AB61F9C582A00697B97 /* todo.swift */,
				1A4F2AB21F9B9DAA00697B97 /* MCPSearchOptions.swift */,
				1A5425061FA84B8E0013C0D5 /* MCPDictItemColumn.swift */,
				1A9060B21F2DC8130056A825 /* MCPVoiceView.swift */,
				1A9060CA1F2DEAE10056A825 /* resources */,
				1A389C261F283D1500875A80 /* AppDelegate.swift */,
				1A389C281F283D1500875A80 /* ViewController.swift */,
				1A389C2A1F283D1500875A80 /* Main.storyboard */,
				1A4F2AB01F9B8C5B00697B97 /* MCPSearchOptionsTableViewController.swift */,
				1A9060AE1F2DB9910056A825 /* MCPCharTableViewCell.swift */,
				1A9060CB1F2DFA140056A825 /* Swift+Utils.swift */,
				1A389C2D1F283D1500875A80 /* Assets.xcassets */,
				1A389C2F1F283D1500875A80 /* LaunchScreen.storyboard */,
				1A389C321F283D1500875A80 /* Info.plist */,
				1A7B5BAA1F2C817C00E5098E /* DBReader.swift */,
				1A7B5BAC1F2C825400E5098E /* bridging-header.h */,
			);
			path = HanziVoice;
			sourceTree = "<group>";
		};
		1A389C3A1F283D1600875A80 /* HanziVoiceTests */ = {
			isa = PBXGroup;
			children = (
				1A389C3B1F283D1600875A80 /* HanziVoiceTests.swift */,
				1A389C3D1F283D1600875A80 /* Info.plist */,
			);
			path = HanziVoiceTests;
			sourceTree = "<group>";
		};
		1A389C451F283D1600875A80 /* HanziVoiceUITests */ = {
			isa = PBXGroup;
			children = (
				1A389C461F283D1600875A80 /* HanziVoiceUITests.swift */,
				1A389C481F283D1600875A80 /* Info.plist */,
			);
			path = HanziVoiceUITests;
			sourceTree = "<group>";
		};
		1A4F2AB81F9C5C5B00697B97 /* Orthography */ = {
			isa = PBXGroup;
			children = (
				1A9060B41F2DE7B30056A825 /* Orthography.swift */,
				1A4F2AB91F9C5C8500697B97 /* OrthographyUnicode.swift */,
				1A4F2ABB1F9C5CD700697B97 /* OrthographyMiddleChinese.swift */,
				1AAAD9A91FA8E9A200670B2E /* OrthographyWu.swift */,
				1AAAD9AB1FA8EBF300670B2E /* OrthographyMin.swift */,
				1A4F2ABD1F9C5D0800697B97 /* OrthographyMandrin.swift */,
				1A4F2ABF1F9C5D4200697B97 /* OrthographyJapanese.swift */,
				1A4F2AC11F9C5D8700697B97 /* OrthographyKorean.swift */,
				1A5425081FA8D30C0013C0D5 /* OrthographyCantonese.swift */,
				1A777C681FAA1234000CBEDE /* OrthographyVietnamese.swift */,
			);
			name = Orthography;
			sourceTree = "<group>";
		};
		1A7B5BA51F2C815500E5098E /* Frameworks */ = {
			isa = PBXGroup;
			children = (
				1A7B5BA61F2C815600E5098E /* libsqlite3.0.tbd */,
				8ECE1CBF688772E909FC63E9 /* Pods_HanziVoice.framework */,
				2284B0C92198D4C0F6CC96C0 /* Pods_HanziVoiceTests.framework */,
				2090F349FBAE346DAAF32277 /* Pods_HanziVoiceUITests.framework */,
			);
			name = Frameworks;
			sourceTree = "<group>";
		};
		1A9060CA1F2DEAE10056A825 /* resources */ = {
			isa = PBXGroup;
			children = (
				1A7B5BA81F2C816B00E5098E /* mcpdict.db */,
				1A9060B61F2DEADB0056A825 /* orthography_ct_finals.tsv */,
				1A9060B71F2DEADB0056A825 /* orthography_ct_initials.tsv */,
				1A9060B81F2DEADB0056A825 /* orthography_hz_variants.txt */,
				1A9060B91F2DEADB0056A825 /* orthography_jp.tsv */,
				1A9060BA1F2DEADB0056A825 /* orthography_mc_bieng_sjyix.tsv */,
				1A9060BB1F2DEADB0056A825 /* orthography_mc_finals.tsv */,
				1A9060BC1F2DEADB0056A825 /* orthography_mc_initials.tsv */,
				1A9060BD1F2DEADB0056A825 /* orthography_pu_bopomofo.tsv */,
				1A9060BE1F2DEADB0056A825 /* orthography_pu_pinyin.tsv */,
				1A9060BF1F2DEADB0056A825 /* orthography_vn.tsv */,
			);
			name = resources;
			sourceTree = "<group>";
		};
		A1DE7661B2B341B8F527AEE6 /* Pods */ = {
			isa = PBXGroup;
			children = (
				E9AAEC7028B350968B004D72 /* Pods-HanziVoice.debug.xcconfig */,
				9315A83F976811356578C6E6 /* Pods-HanziVoice.release.xcconfig */,
				B59F5059DF57C7DFAD795097 /* Pods-HanziVoiceTests.debug.xcconfig */,
				8014460AAD415B3A60726D14 /* Pods-HanziVoiceTests.release.xcconfig */,
				04C3D295C07A17851AD00D07 /* Pods-HanziVoiceUITests.debug.xcconfig */,
				FA6508DAB5FA17B9A63313F8 /* Pods-HanziVoiceUITests.release.xcconfig */,
			);
			name = Pods;
			sourceTree = "<group>";
		};
/* End PBXGroup section */

/* Begin PBXNativeTarget section */
		1A389C221F283D1500875A80 /* HanziVoice */ = {
			isa = PBXNativeTarget;
			buildConfigurationList = 1A389C4B1F283D1600875A80 /* Build configuration list for PBXNativeTarget "HanziVoice" */;
			buildPhases = (
				5DC331813988B3797E61A1C8 /* [CP] Check Pods Manifest.lock */,
				1A389C1F1F283D1500875A80 /* Sources */,
				1A389C201F283D1500875A80 /* Frameworks */,
				1A389C211F283D1500875A80 /* Resources */,
				130A5DAC2B1E53E4C6089866 /* [CP] Embed Pods Frameworks */,
				47707E83E6B258DA95DC8A79 /* [CP] Copy Pods Resources */,
			);
			buildRules = (
			);
			dependencies = (
			);
			name = HanziVoice;
			productName = HanziVoice;
			productReference = 1A389C231F283D1500875A80 /* HanziVoice.app */;
			productType = "com.apple.product-type.application";
		};
		1A389C361F283D1500875A80 /* HanziVoiceTests */ = {
			isa = PBXNativeTarget;
			buildConfigurationList = 1A389C4E1F283D1600875A80 /* Build configuration list for PBXNativeTarget "HanziVoiceTests" */;
			buildPhases = (
				13A49BDAF7BCD4C269637BC4 /* [CP] Check Pods Manifest.lock */,
				1A389C331F283D1500875A80 /* Sources */,
				1A389C341F283D1500875A80 /* Frameworks */,
				1A389C351F283D1500875A80 /* Resources */,
				C5F5F5D6CE7C60817AC027D2 /* [CP] Embed Pods Frameworks */,
				12D26696D24CC701A72BC110 /* [CP] Copy Pods Resources */,
			);
			buildRules = (
			);
			dependencies = (
				1A389C391F283D1600875A80 /* PBXTargetDependency */,
			);
			name = HanziVoiceTests;
			productName = HanziVoiceTests;
			productReference = 1A389C371F283D1500875A80 /* HanziVoiceTests.xctest */;
			productType = "com.apple.product-type.bundle.unit-test";
		};
		1A389C411F283D1600875A80 /* HanziVoiceUITests */ = {
			isa = PBXNativeTarget;
			buildConfigurationList = 1A389C511F283D1600875A80 /* Build configuration list for PBXNativeTarget "HanziVoiceUITests" */;
			buildPhases = (
				76B185BFCC3B5F0883A9D34C /* [CP] Check Pods Manifest.lock */,
				1A389C3E1F283D1600875A80 /* Sources */,
				1A389C3F1F283D1600875A80 /* Frameworks */,
				1A389C401F283D1600875A80 /* Resources */,
				15BA9BD9F6360FEE3D440399 /* [CP] Embed Pods Frameworks */,
				D716C542CF836873348D007E /* [CP] Copy Pods Resources */,
			);
			buildRules = (
			);
			dependencies = (
				1A389C441F283D1600875A80 /* PBXTargetDependency */,
			);
			name = HanziVoiceUITests;
			productName = HanziVoiceUITests;
			productReference = 1A389C421F283D1600875A80 /* HanziVoiceUITests.xctest */;
			productType = "com.apple.product-type.bundle.ui-testing";
		};
/* End PBXNativeTarget section */

/* Begin PBXProject section */
		1A389C1B1F283D1500875A80 /* Project object */ = {
			isa = PBXProject;
			attributes = {
				LastSwiftUpdateCheck = 0820;
				LastUpgradeCheck = 0820;
				ORGANIZATIONNAME = Xplorld;
				TargetAttributes = {
					1A389C221F283D1500875A80 = {
						CreatedOnToolsVersion = 8.2.1;
						DevelopmentTeam = DFKA9888HD;
						ProvisioningStyle = Automatic;
					};
					1A389C361F283D1500875A80 = {
						CreatedOnToolsVersion = 8.2.1;
						DevelopmentTeam = DFKA9888HD;
						ProvisioningStyle = Automatic;
						TestTargetID = 1A389C221F283D1500875A80;
					};
					1A389C411F283D1600875A80 = {
						CreatedOnToolsVersion = 8.2.1;
						DevelopmentTeam = DFKA9888HD;
						ProvisioningStyle = Automatic;
						TestTargetID = 1A389C221F283D1500875A80;
					};
				};
			};
			buildConfigurationList = 1A389C1E1F283D1500875A80 /* Build configuration list for PBXProject "HanziVoice" */;
			compatibilityVersion = "Xcode 3.2";
			developmentRegion = English;
			hasScannedForEncodings = 0;
			knownRegions = (
				en,
				Base,
			);
			mainGroup = 1A389C1A1F283D1500875A80;
			productRefGroup = 1A389C241F283D1500875A80 /* Products */;
			projectDirPath = "";
			projectRoot = "";
			targets = (
				1A389C221F283D1500875A80 /* HanziVoice */,
				1A389C361F283D1500875A80 /* HanziVoiceTests */,
				1A389C411F283D1600875A80 /* HanziVoiceUITests */,
			);
		};
/* End PBXProject section */

/* Begin PBXResourcesBuildPhase section */
		1A389C211F283D1500875A80 /* Resources */ = {
			isa = PBXResourcesBuildPhase;
			buildActionMask = 2147483647;
			files = (
				1A389C311F283D1500875A80 /* LaunchScreen.storyboard in Resources */,
				1A9060C41F2DEADB0056A825 /* orthography_mc_bieng_sjyix.tsv in Resources */,
				1A389C2E1F283D1500875A80 /* Assets.xcassets in Resources */,
				1A7B5BA91F2C816B00E5098E /* mcpdict.db in Resources */,
				1A9060C81F2DEADB0056A825 /* orthography_pu_pinyin.tsv in Resources */,
				1A9060C11F2DEADB0056A825 /* orthography_ct_initials.tsv in Resources */,
				1A9060C71F2DEADB0056A825 /* orthography_pu_bopomofo.tsv in Resources */,
				1A9060C01F2DEADB0056A825 /* orthography_ct_finals.tsv in Resources */,
				1A9060C31F2DEADB0056A825 /* orthography_jp.tsv in Resources */,
				1A9060C91F2DEADB0056A825 /* orthography_vn.tsv in Resources */,
				1A9060C21F2DEADB0056A825 /* orthography_hz_variants.txt in Resources */,
				1A9060C51F2DEADB0056A825 /* orthography_mc_finals.tsv in Resources */,
				1A389C2C1F283D1500875A80 /* Main.storyboard in Resources */,
				1A9060C61F2DEADB0056A825 /* orthography_mc_initials.tsv in Resources */,
			);
			runOnlyForDeploymentPostprocessing = 0;
		};
		1A389C351F283D1500875A80 /* Resources */ = {
			isa = PBXResourcesBuildPhase;
			buildActionMask = 2147483647;
			files = (
			);
			runOnlyForDeploymentPostprocessing = 0;
		};
		1A389C401F283D1600875A80 /* Resources */ = {
			isa = PBXResourcesBuildPhase;
			buildActionMask = 2147483647;
			files = (
			);
			runOnlyForDeploymentPostprocessing = 0;
		};
/* End PBXResourcesBuildPhase section */

/* Begin PBXShellScriptBuildPhase section */
		12D26696D24CC701A72BC110 /* [CP] Copy Pods Resources */ = {
			isa = PBXShellScriptBuildPhase;
			buildActionMask = 2147483647;
			files = (
			);
			inputPaths = (
			);
			name = "[CP] Copy Pods Resources";
			outputPaths = (
			);
			runOnlyForDeploymentPostprocessing = 0;
			shellPath = /bin/sh;
			shellScript = "\"${SRCROOT}/Pods/Target Support Files/Pods-HanziVoiceTests/Pods-HanziVoiceTests-resources.sh\"\n";
			showEnvVarsInLog = 0;
		};
		130A5DAC2B1E53E4C6089866 /* [CP] Embed Pods Frameworks */ = {
			isa = PBXShellScriptBuildPhase;
			buildActionMask = 2147483647;
			files = (
			);
			inputPaths = (
			);
			name = "[CP] Embed Pods Frameworks";
			outputPaths = (
			);
			runOnlyForDeploymentPostprocessing = 0;
			shellPath = /bin/sh;
			shellScript = "\"${SRCROOT}/Pods/Target Support Files/Pods-HanziVoice/Pods-HanziVoice-frameworks.sh\"\n";
			showEnvVarsInLog = 0;
		};
		13A49BDAF7BCD4C269637BC4 /* [CP] Check Pods Manifest.lock */ = {
			isa = PBXShellScriptBuildPhase;
			buildActionMask = 2147483647;
			files = (
			);
			inputPaths = (
			);
			name = "[CP] Check Pods Manifest.lock";
			outputPaths = (
			);
			runOnlyForDeploymentPostprocessing = 0;
			shellPath = /bin/sh;
			shellScript = "diff \"${PODS_ROOT}/../Podfile.lock\" \"${PODS_ROOT}/Manifest.lock\" > /dev/null\nif [ $? != 0 ] ; then\n    # print error to STDERR\n    echo \"error: The sandbox is not in sync with the Podfile.lock. Run 'pod install' or update your CocoaPods installation.\" >&2\n    exit 1\nfi\n";
			showEnvVarsInLog = 0;
		};
		15BA9BD9F6360FEE3D440399 /* [CP] Embed Pods Frameworks */ = {
			isa = PBXShellScriptBuildPhase;
			buildActionMask = 2147483647;
			files = (
			);
			inputPaths = (
			);
			name = "[CP] Embed Pods Frameworks";
			outputPaths = (
			);
			runOnlyForDeploymentPostprocessing = 0;
			shellPath = /bin/sh;
			shellScript = "\"${SRCROOT}/Pods/Target Support Files/Pods-HanziVoiceUITests/Pods-HanziVoiceUITests-frameworks.sh\"\n";
			showEnvVarsInLog = 0;
		};
		47707E83E6B258DA95DC8A79 /* [CP] Copy Pods Resources */ = {
			isa = PBXShellScriptBuildPhase;
			buildActionMask = 2147483647;
			files = (
			);
			inputPaths = (
			);
			name = "[CP] Copy Pods Resources";
			outputPaths = (
			);
			runOnlyForDeploymentPostprocessing = 0;
			shellPath = /bin/sh;
			shellScript = "\"${SRCROOT}/Pods/Target Support Files/Pods-HanziVoice/Pods-HanziVoice-resources.sh\"\n";
			showEnvVarsInLog = 0;
		};
		5DC331813988B3797E61A1C8 /* [CP] Check Pods Manifest.lock */ = {
			isa = PBXShellScriptBuildPhase;
			buildActionMask = 2147483647;
			files = (
			);
			inputPaths = (
			);
			name = "[CP] Check Pods Manifest.lock";
			outputPaths = (
			);
			runOnlyForDeploymentPostprocessing = 0;
			shellPath = /bin/sh;
			shellScript = "diff \"${PODS_ROOT}/../Podfile.lock\" \"${PODS_ROOT}/Manifest.lock\" > /dev/null\nif [ $? != 0 ] ; then\n    # print error to STDERR\n    echo \"error: The sandbox is not in sync with the Podfile.lock. Run 'pod install' or update your CocoaPods installation.\" >&2\n    exit 1\nfi\n";
			showEnvVarsInLog = 0;
		};
		76B185BFCC3B5F0883A9D34C /* [CP] Check Pods Manifest.lock */ = {
			isa = PBXShellScriptBuildPhase;
			buildActionMask = 2147483647;
			files = (
			);
			inputPaths = (
			);
			name = "[CP] Check Pods Manifest.lock";
			outputPaths = (
			);
			runOnlyForDeploymentPostprocessing = 0;
			shellPath = /bin/sh;
			shellScript = "diff \"${PODS_ROOT}/../Podfile.lock\" \"${PODS_ROOT}/Manifest.lock\" > /dev/null\nif [ $? != 0 ] ; then\n    # print error to STDERR\n    echo \"error: The sandbox is not in sync with the Podfile.lock. Run 'pod install' or update your CocoaPods installation.\" >&2\n    exit 1\nfi\n";
			showEnvVarsInLog = 0;
		};
		C5F5F5D6CE7C60817AC027D2 /* [CP] Embed Pods Frameworks */ = {
			isa = PBXShellScriptBuildPhase;
			buildActionMask = 2147483647;
			files = (
			);
			inputPaths = (
			);
			name = "[CP] Embed Pods Frameworks";
			outputPaths = (
			);
			runOnlyForDeploymentPostprocessing = 0;
			shellPath = /bin/sh;
			shellScript = "\"${SRCROOT}/Pods/Target Support Files/Pods-HanziVoiceTests/Pods-HanziVoiceTests-frameworks.sh\"\n";
			showEnvVarsInLog = 0;
		};
		D716C542CF836873348D007E /* [CP] Copy Pods Resources */ = {
			isa = PBXShellScriptBuildPhase;
			buildActionMask = 2147483647;
			files = (
			);
			inputPaths = (
			);
			name = "[CP] Copy Pods Resources";
			outputPaths = (
			);
			runOnlyForDeploymentPostprocessing = 0;
			shellPath = /bin/sh;
			shellScript = "\"${SRCROOT}/Pods/Target Support Files/Pods-HanziVoiceUITests/Pods-HanziVoiceUITests-resources.sh\"\n";
			showEnvVarsInLog = 0;
		};
/* End PBXShellScriptBuildPhase section */

/* Begin PBXSourcesBuildPhase section */
		1A389C1F1F283D1500875A80 /* Sources */ = {
			isa = PBXSourcesBuildPhase;
			buildActionMask = 2147483647;
			files = (
				1A5425091FA8D30C0013C0D5 /* OrthographyCantonese.swift in Sources */,
				1A389C291F283D1500875A80 /* ViewController.swift in Sources */,
				1A777C691FAA1234000CBEDE /* OrthographyVietnamese.swift in Sources */,
				1AAAD9AC1FA8EBF300670B2E /* OrthographyMin.swift in Sources */,
				1A4F2ABE1F9C5D0800697B97 /* OrthographyMandrin.swift in Sources */,
				1A4F2AB31F9B9DAA00697B97 /* MCPSearchOptions.swift in Sources */,
				1A5425071FA84B8E0013C0D5 /* MCPDictItemColumn.swift in Sources */,
				1A4F2ABA1F9C5C8500697B97 /* OrthographyUnicode.swift in Sources */,
				1A389C271F283D1500875A80 /* AppDelegate.swift in Sources */,
				1A9060B31F2DC8130056A825 /* MCPVoiceView.swift in Sources */,
				1A9060B51F2DE7B30056A825 /* Orthography.swift in Sources */,
				1AAAD9AA1FA8E9A200670B2E /* OrthographyWu.swift in Sources */,
				1A4F2ABC1F9C5CD700697B97 /* OrthographyMiddleChinese.swift in Sources */,
				1A4F2AB71F9C582A00697B97 /* todo.swift in Sources */,
				1A4F2AC21F9C5D8700697B97 /* OrthographyKorean.swift in Sources */,
				1A9060AF1F2DB9910056A825 /* MCPCharTableViewCell.swift in Sources */,
				1A4F2AB11F9B8C5B00697B97 /* MCPSearchOptionsTableViewController.swift in Sources */,
				1A9060CC1F2DFA140056A825 /* Swift+Utils.swift in Sources */,
				1A4F2AC01F9C5D4200697B97 /* OrthographyJapanese.swift in Sources */,
				1A7B5BAB1F2C817C00E5098E /* DBReader.swift in Sources */,
			);
			runOnlyForDeploymentPostprocessing = 0;
		};
		1A389C331F283D1500875A80 /* Sources */ = {
			isa = PBXSourcesBuildPhase;
			buildActionMask = 2147483647;
			files = (
				1A389C3C1F283D1600875A80 /* HanziVoiceTests.swift in Sources */,
			);
			runOnlyForDeploymentPostprocessing = 0;
		};
		1A389C3E1F283D1600875A80 /* Sources */ = {
			isa = PBXSourcesBuildPhase;
			buildActionMask = 2147483647;
			files = (
				1A389C471F283D1600875A80 /* HanziVoiceUITests.swift in Sources */,
			);
			runOnlyForDeploymentPostprocessing = 0;
		};
/* End PBXSourcesBuildPhase section */

/* Begin PBXTargetDependency section */
		1A389C391F283D1600875A80 /* PBXTargetDependency */ = {
			isa = PBXTargetDependency;
			target = 1A389C221F283D1500875A80 /* HanziVoice */;
			targetProxy = 1A389C381F283D1600875A80 /* PBXContainerItemProxy */;
		};
		1A389C441F283D1600875A80 /* PBXTargetDependency */ = {
			isa = PBXTargetDependency;
			target = 1A389C221F283D1500875A80 /* HanziVoice */;
			targetProxy = 1A389C431F283D1600875A80 /* PBXContainerItemProxy */;
		};
/* End PBXTargetDependency section */

/* Begin PBXVariantGroup section */
		1A389C2A1F283D1500875A80 /* Main.storyboard */ = {
			isa = PBXVariantGroup;
			children = (
				1A389C2B1F283D1500875A80 /* Base */,
			);
			name = Main.storyboard;
			sourceTree = "<group>";
		};
		1A389C2F1F283D1500875A80 /* LaunchScreen.storyboard */ = {
			isa = PBXVariantGroup;
			children = (
				1A389C301F283D1500875A80 /* Base */,
			);
			name = LaunchScreen.storyboard;
			sourceTree = "<group>";
		};
/* End PBXVariantGroup section */

/* Begin XCBuildConfiguration section */
		1A389C491F283D1600875A80 /* Debug */ = {
			isa = XCBuildConfiguration;
			buildSettings = {
				ALWAYS_SEARCH_USER_PATHS = NO;
				CLANG_ANALYZER_NONNULL = YES;
				CLANG_CXX_LANGUAGE_STANDARD = "gnu++0x";
				CLANG_CXX_LIBRARY = "libc++";
				CLANG_ENABLE_MODULES = YES;
				CLANG_ENABLE_OBJC_ARC = YES;
				CLANG_WARN_BOOL_CONVERSION = YES;
				CLANG_WARN_CONSTANT_CONVERSION = YES;
				CLANG_WARN_DIRECT_OBJC_ISA_USAGE = YES_ERROR;
				CLANG_WARN_DOCUMENTATION_COMMENTS = YES;
				CLANG_WARN_EMPTY_BODY = YES;
				CLANG_WARN_ENUM_CONVERSION = YES;
				CLANG_WARN_INFINITE_RECURSION = YES;
				CLANG_WARN_INT_CONVERSION = YES;
				CLANG_WARN_OBJC_ROOT_CLASS = YES_ERROR;
				CLANG_WARN_SUSPICIOUS_MOVE = YES;
				CLANG_WARN_UNREACHABLE_CODE = YES;
				CLANG_WARN__DUPLICATE_METHOD_MATCH = YES;
				"CODE_SIGN_IDENTITY[sdk=iphoneos*]" = "iPhone Developer";
				COPY_PHASE_STRIP = NO;
				DEBUG_INFORMATION_FORMAT = dwarf;
				ENABLE_STRICT_OBJC_MSGSEND = YES;
				ENABLE_TESTABILITY = YES;
				GCC_C_LANGUAGE_STANDARD = gnu99;
				GCC_DYNAMIC_NO_PIC = NO;
				GCC_NO_COMMON_BLOCKS = YES;
				GCC_OPTIMIZATION_LEVEL = 0;
				GCC_PREPROCESSOR_DEFINITIONS = (
					"DEBUG=1",
					"$(inherited)",
				);
				GCC_WARN_64_TO_32_BIT_CONVERSION = YES;
				GCC_WARN_ABOUT_RETURN_TYPE = YES_ERROR;
				GCC_WARN_UNDECLARED_SELECTOR = YES;
				GCC_WARN_UNINITIALIZED_AUTOS = YES_AGGRESSIVE;
				GCC_WARN_UNUSED_FUNCTION = YES;
				GCC_WARN_UNUSED_VARIABLE = YES;
				IPHONEOS_DEPLOYMENT_TARGET = 10.2;
				MTL_ENABLE_DEBUG_INFO = YES;
				ONLY_ACTIVE_ARCH = YES;
				SDKROOT = iphoneos;
				SWIFT_ACTIVE_COMPILATION_CONDITIONS = DEBUG;
				SWIFT_OPTIMIZATION_LEVEL = "-Onone";
				TARGETED_DEVICE_FAMILY = "1,2";
			};
			name = Debug;
		};
		1A389C4A1F283D1600875A80 /* Release */ = {
			isa = XCBuildConfiguration;
			buildSettings = {
				ALWAYS_SEARCH_USER_PATHS = NO;
				CLANG_ANALYZER_NONNULL = YES;
				CLANG_CXX_LANGUAGE_STANDARD = "gnu++0x";
				CLANG_CXX_LIBRARY = "libc++";
				CLANG_ENABLE_MODULES = YES;
				CLANG_ENABLE_OBJC_ARC = YES;
				CLANG_WARN_BOOL_CONVERSION = YES;
				CLANG_WARN_CONSTANT_CONVERSION = YES;
				CLANG_WARN_DIRECT_OBJC_ISA_USAGE = YES_ERROR;
				CLANG_WARN_DOCUMENTATION_COMMENTS = YES;
				CLANG_WARN_EMPTY_BODY = YES;
				CLANG_WARN_ENUM_CONVERSION = YES;
				CLANG_WARN_INFINITE_RECURSION = YES;
				CLANG_WARN_INT_CONVERSION = YES;
				CLANG_WARN_OBJC_ROOT_CLASS = YES_ERROR;
				CLANG_WARN_SUSPICIOUS_MOVE = YES;
				CLANG_WARN_UNREACHABLE_CODE = YES;
				CLANG_WARN__DUPLICATE_METHOD_MATCH = YES;
				"CODE_SIGN_IDENTITY[sdk=iphoneos*]" = "iPhone Developer";
				COPY_PHASE_STRIP = NO;
				DEBUG_INFORMATION_FORMAT = "dwarf-with-dsym";
				ENABLE_NS_ASSERTIONS = NO;
				ENABLE_STRICT_OBJC_MSGSEND = YES;
				GCC_C_LANGUAGE_STANDARD = gnu99;
				GCC_NO_COMMON_BLOCKS = YES;
				GCC_WARN_64_TO_32_BIT_CONVERSION = YES;
				GCC_WARN_ABOUT_RETURN_TYPE = YES_ERROR;
				GCC_WARN_UNDECLARED_SELECTOR = YES;
				GCC_WARN_UNINITIALIZED_AUTOS = YES_AGGRESSIVE;
				GCC_WARN_UNUSED_FUNCTION = YES;
				GCC_WARN_UNUSED_VARIABLE = YES;
				IPHONEOS_DEPLOYMENT_TARGET = 10.2;
				MTL_ENABLE_DEBUG_INFO = NO;
				SDKROOT = iphoneos;
				SWIFT_OPTIMIZATION_LEVEL = "-Owholemodule";
				TARGETED_DEVICE_FAMILY = "1,2";
				VALIDATE_PRODUCT = YES;
			};
			name = Release;
		};
		1A389C4C1F283D1600875A80 /* Debug */ = {
			isa = XCBuildConfiguration;
			baseConfigurationReference = E9AAEC7028B350968B004D72 /* Pods-HanziVoice.debug.xcconfig */;
			buildSettings = {
				ASSETCATALOG_COMPILER_APPICON_NAME = AppIcon;
				DEVELOPMENT_TEAM = DFKA9888HD;
				INFOPLIST_FILE = HanziVoice/Info.plist;
				LD_RUNPATH_SEARCH_PATHS = "$(inherited) @executable_path/Frameworks";
				PRODUCT_BUNDLE_IDENTIFIER = com.xplorld.HanziVoice;
				PRODUCT_NAME = "$(TARGET_NAME)";
				SWIFT_OBJC_BRIDGING_HEADER = "HanziVoice/bridging-header.h";
				SWIFT_VERSION = 3.0;
			};
			name = Debug;
		};
		1A389C4D1F283D1600875A80 /* Release */ = {
			isa = XCBuildConfiguration;
			baseConfigurationReference = 9315A83F976811356578C6E6 /* Pods-HanziVoice.release.xcconfig */;
			buildSettings = {
				ASSETCATALOG_COMPILER_APPICON_NAME = AppIcon;
				DEVELOPMENT_TEAM = DFKA9888HD;
				INFOPLIST_FILE = HanziVoice/Info.plist;
				LD_RUNPATH_SEARCH_PATHS = "$(inherited) @executable_path/Frameworks";
				PRODUCT_BUNDLE_IDENTIFIER = com.xplorld.HanziVoice;
				PRODUCT_NAME = "$(TARGET_NAME)";
				SWIFT_OBJC_BRIDGING_HEADER = "HanziVoice/bridging-header.h";
				SWIFT_VERSION = 3.0;
			};
			name = Release;
		};
		1A389C4F1F283D1600875A80 /* Debug */ = {
			isa = XCBuildConfiguration;
			baseConfigurationReference = B59F5059DF57C7DFAD795097 /* Pods-HanziVoiceTests.debug.xcconfig */;
			buildSettings = {
				ALWAYS_EMBED_SWIFT_STANDARD_LIBRARIES = YES;
				BUNDLE_LOADER = "$(TEST_HOST)";
				DEVELOPMENT_TEAM = DFKA9888HD;
				INFOPLIST_FILE = HanziVoiceTests/Info.plist;
				LD_RUNPATH_SEARCH_PATHS = "$(inherited) @executable_path/Frameworks @loader_path/Frameworks";
				PRODUCT_BUNDLE_IDENTIFIER = com.xplorld.HanziVoiceTests;
				PRODUCT_NAME = "$(TARGET_NAME)";
				SWIFT_VERSION = 3.0;
				TEST_HOST = "$(BUILT_PRODUCTS_DIR)/HanziVoice.app/HanziVoice";
			};
			name = Debug;
		};
		1A389C501F283D1600875A80 /* Release */ = {
			isa = XCBuildConfiguration;
			baseConfigurationReference = 8014460AAD415B3A60726D14 /* Pods-HanziVoiceTests.release.xcconfig */;
			buildSettings = {
				ALWAYS_EMBED_SWIFT_STANDARD_LIBRARIES = YES;
				BUNDLE_LOADER = "$(TEST_HOST)";
				DEVELOPMENT_TEAM = DFKA9888HD;
				INFOPLIST_FILE = HanziVoiceTests/Info.plist;
				LD_RUNPATH_SEARCH_PATHS = "$(inherited) @executable_path/Frameworks @loader_path/Frameworks";
				PRODUCT_BUNDLE_IDENTIFIER = com.xplorld.HanziVoiceTests;
				PRODUCT_NAME = "$(TARGET_NAME)";
				SWIFT_VERSION = 3.0;
				TEST_HOST = "$(BUILT_PRODUCTS_DIR)/HanziVoice.app/HanziVoice";
			};
			name = Release;
		};
		1A389C521F283D1600875A80 /* Debug */ = {
			isa = XCBuildConfiguration;
			baseConfigurationReference = 04C3D295C07A17851AD00D07 /* Pods-HanziVoiceUITests.debug.xcconfig */;
			buildSettings = {
				ALWAYS_EMBED_SWIFT_STANDARD_LIBRARIES = YES;
				DEVELOPMENT_TEAM = DFKA9888HD;
				INFOPLIST_FILE = HanziVoiceUITests/Info.plist;
				LD_RUNPATH_SEARCH_PATHS = "$(inherited) @executable_path/Frameworks @loader_path/Frameworks";
				PRODUCT_BUNDLE_IDENTIFIER = com.xplorld.HanziVoiceUITests;
				PRODUCT_NAME = "$(TARGET_NAME)";
				SWIFT_VERSION = 3.0;
				TEST_TARGET_NAME = HanziVoice;
			};
			name = Debug;
		};
		1A389C531F283D1600875A80 /* Release */ = {
			isa = XCBuildConfiguration;
			baseConfigurationReference = FA6508DAB5FA17B9A63313F8 /* Pods-HanziVoiceUITests.release.xcconfig */;
			buildSettings = {
				ALWAYS_EMBED_SWIFT_STANDARD_LIBRARIES = YES;
				DEVELOPMENT_TEAM = DFKA9888HD;
				INFOPLIST_FILE = HanziVoiceUITests/Info.plist;
				LD_RUNPATH_SEARCH_PATHS = "$(inherited) @executable_path/Frameworks @loader_path/Frameworks";
				PRODUCT_BUNDLE_IDENTIFIER = com.xplorld.HanziVoiceUITests;
				PRODUCT_NAME = "$(TARGET_NAME)";
				SWIFT_VERSION = 3.0;
				TEST_TARGET_NAME = HanziVoice;
			};
			name = Release;
		};
/* End XCBuildConfiguration section */

/* Begin XCConfigurationList section */
		1A389C1E1F283D1500875A80 /* Build configuration list for PBXProject "HanziVoice" */ = {
			isa = XCConfigurationList;
			buildConfigurations = (
				1A389C491F283D1600875A80 /* Debug */,
				1A389C4A1F283D1600875A80 /* Release */,
			);
			defaultConfigurationIsVisible = 0;
			defaultConfigurationName = Release;
		};
		1A389C4B1F283D1600875A80 /* Build configuration list for PBXNativeTarget "HanziVoice" */ = {
			isa = XCConfigurationList;
			buildConfigurations = (
				1A389C4C1F283D1600875A80 /* Debug */,
				1A389C4D1F283D1600875A80 /* Release */,
			);
			defaultConfigurationIsVisible = 0;
			defaultConfigurationName = Release;
		};
		1A389C4E1F283D1600875A80 /* Build configuration list for PBXNativeTarget "HanziVoiceTests" */ = {
			isa = XCConfigurationList;
			buildConfigurations = (
				1A389C4F1F283D1600875A80 /* Debug */,
				1A389C501F283D1600875A80 /* Release */,
			);
			defaultConfigurationIsVisible = 0;
			defaultConfigurationName = Release;
		};
		1A389C511F283D1600875A80 /* Build configuration list for PBXNativeTarget "HanziVoiceUITests" */ = {
			isa = XCConfigurationList;
			buildConfigurations = (
				1A389C521F283D1600875A80 /* Debug */,
				1A389C531F283D1600875A80 /* Release */,
			);
			defaultConfigurationIsVisible = 0;
			defaultConfigurationName = Release;
		};
/* End XCConfigurationList section */
	};
	rootObject = 1A389C1B1F283D1500875A80 /* Project object */;
}
